{
  "name": "test",
  "version": "0.1.0",
  "lockfileVersion": 1,
  "requires": true,
  "dependencies": {
    "easy-router": {
      "version": "2.3.1",
      "resolved": "http://192.168.2.221:4873/easy-router/-/easy-router-2.3.1.tgz",
      "integrity": "sha1-+BM0EnsUxO3/wL9uL6cCa3u6N+8=",
      "requires": {
        "ip": "^1.1.5",
        "opn": "^5.1.0"
      }
    },
    "ip": {
      "version": "1.1.5",
      "resolved": "http://192.168.2.221:4873/ip/-/ip-1.1.5.tgz",
      "integrity": "sha1-vd7XARQpCCjAoDnnLvJfWq7ENUo="
    },
    "is-wsl": {
      "version": "1.1.0",
      "resolved": "http://192.168.2.221:4873/is-wsl/-/is-wsl-1.1.0.tgz",
      "integrity": "sha1-HxbkqiKwTRM2tmGIpmrzxgDDpm0="
    },
    "opn": {
      "version": "5.5.0",
      "resolved": "http://192.168.2.221:4873/opn/-/opn-5.5.0.tgz",
      "integrity": "sha1-/HFk+rVtI1kExRw7J9pnWMo7m/w=",
      "requires": {
        "is-wsl": "^1.1.0"
      }
    }
  }
}
